
Microsoft Visual Studio Solution File, Format Version 12.00
# Visual Studio 15
VisualStudioVersion = 15.0.27703.2047
MinimumVisualStudioVersion = 10.0.40219.1
Project("{FAE04EC0-301F-11D3-BF4B-00C04F79EFBC}") = "TipCalculater", "AlgorithmPractice\TipCalculater.csproj", "{55561808-7AE8-404A-9FAF-31BFD297A4D8}"
EndProject
Project("{FAE04EC0-301F-11D3-BF4B-00C04F79EFBC}") = "IsItWeird", "IsItWeird\IsItWeird.csproj", "{D643A746-3681-4D13-9C11-91FFC12D5AC0}"
EndProject
Project("{FAE04EC0-301F-11D3-BF4B-00C04F79EFBC}") = "HowOld", "HowOld\HowOld.csproj", "{F2B19BD9-655C-4946-B07D-E7B7BF450351}"
EndProject
Project("{FAE04EC0-301F-11D3-BF4B-00C04F79EFBC}") = "TimesTable", "TimesTable\TimesTable.csproj", "{6D0CC648-2904-4D04-AC5F-3070A5D5B025}"
EndProject
Project("{FAE04EC0-301F-11D3-BF4B-00C04F79EFBC}") = "SeperateTheString", "SeperateTheString\SeperateTheString.csproj", "{8BAF69C7-1566-4F40-B9B4-6CC423972DFE}"
EndProject
Project("{FAE04EC0-301F-11D3-BF4B-00C04F79EFBC}") = "ReverseArray", "ReverseArray\ReverseArray.csproj", "{EC478921-22E0-4A96-B316-E8A118D3C8F5}"
EndProject
Project("{FAE04EC0-301F-11D3-BF4B-00C04F79EFBC}") = "PhonebookLookup", "PhonebookLookup\PhonebookLookup.csproj", "{A5D3CD72-738E-4EFC-8EDF-4788B39E7908}"
EndProject
Project("{FAE04EC0-301F-11D3-BF4B-00C04F79EFBC}") = "RecursionRecursion", "RecursionRecursion\RecursionRecursion.csproj", "{8A5A1584-1431-4D5F-B63C-23DCF0417261}"
EndProject
Project("{FAE04EC0-301F-11D3-BF4B-00C04F79EFBC}") = "ConsecutiveBinary", "ConsecutiveBinary\ConsecutiveBinary.csproj", "{8907AFB9-B3EB-4365-8F81-AF2062E325CF}"
EndProject
Project("{FAE04EC0-301F-11D3-BF4B-00C04F79EFBC}") = "Hourglasses", "Hourglasses\Hourglasses.csproj", "{6A0C4682-C31B-445C-9F4E-DC4C49C48697}"
EndProject
Project("{FAE04EC0-301F-11D3-BF4B-00C04F79EFBC}") = "Inheriting", "Inheriting\Inheriting.csproj", "{D139E239-4F1B-4AA0-BFCE-1A85414A7F80}"
EndProject
Project("{FAE04EC0-301F-11D3-BF4B-00C04F79EFBC}") = "Abstraction", "Abstraction\Abstraction.csproj", "{98FFF44A-0E6E-49DE-8BC2-D412C73F663E}"
EndProject
Project("{FAE04EC0-301F-11D3-BF4B-00C04F79EFBC}") = "AbsoluteDifference", "AbsoluteDifference\AbsoluteDifference.csproj", "{A556361E-3EB4-45CD-A995-AD8970147F6E}"
EndProject
Project("{FAE04EC0-301F-11D3-BF4B-00C04F79EFBC}") = "LinkedList", "LinkedList\LinkedList.csproj", "{09F2C5E7-4A4B-45CB-BED7-5590CAAF32FA}"
EndProject
Project("{FAE04EC0-301F-11D3-BF4B-00C04F79EFBC}") = "Exceptional", "Exceptional\Exceptional.csproj", "{0E47A56C-2E7A-4ACD-8866-08A015DAAB00}"
EndProject
Project("{FAE04EC0-301F-11D3-BF4B-00C04F79EFBC}") = "PlayingCatch", "PlayingCatch\PlayingCatch.csproj", "{50CD8E14-4613-4057-92C7-ABBF96304304}"
EndProject
Project("{FAE04EC0-301F-11D3-BF4B-00C04F79EFBC}") = "StacksNQueues", "StacksNQueues\StacksNQueues.csproj", "{68EF3ABE-F95C-4250-9B62-6BC9AA4ED49B}"
EndProject
Project("{FAE04EC0-301F-11D3-BF4B-00C04F79EFBC}") = "ReversedOrder", "ReversedOrder\ReversedOrder.csproj", "{47F3ABCA-A22D-4357-AACD-EE9CA74E5164}"
EndProject
Project("{FAE04EC0-301F-11D3-BF4B-00C04F79EFBC}") = "DomainType", "DomainType\DomainType.csproj", "{09ABC90C-24F8-456D-B006-E32514F52FDF}"
EndProject
Project("{FAE04EC0-301F-11D3-BF4B-00C04F79EFBC}") = "RatingThreshold", "RatingThreshold\RatingThreshold.csproj", "{391D63B2-FF5C-460C-8765-D7F2B74DB185}"
EndProject
Project("{FAE04EC0-301F-11D3-BF4B-00C04F79EFBC}") = "CheckForDuplicates", "CheckForDuplicates\CheckForDuplicates.csproj", "{3B14F862-BDAC-4B45-9CD0-AFD7F143B77C}"
EndProject
Project("{FAE04EC0-301F-11D3-BF4B-00C04F79EFBC}") = "SumOfTwo", "SumOfTwo\SumOfTwo.csproj", "{A2AAF91D-8E3E-4727-A6EA-235ACE0E2545}"
EndProject
Project("{FAE04EC0-301F-11D3-BF4B-00C04F79EFBC}") = "RemoveDuplicates", "RemoveDuplicates\RemoveDuplicates.csproj", "{FC91D95B-0675-4D75-9FE2-A45F962C1D96}"
EndProject
Project("{FAE04EC0-301F-11D3-BF4B-00C04F79EFBC}") = "IsItPrime", "IsItPrime\IsItPrime.csproj", "{6B9E0C44-B0B9-4B26-9FE7-1FC5BF8D08F7}"
EndProject
Global
	GlobalSection(SolutionConfigurationPlatforms) = preSolution
		Debug|Any CPU = Debug|Any CPU
		Release|Any CPU = Release|Any CPU
	EndGlobalSection
	GlobalSection(ProjectConfigurationPlatforms) = postSolution
		{55561808-7AE8-404A-9FAF-31BFD297A4D8}.Debug|Any CPU.ActiveCfg = Debug|Any CPU
		{55561808-7AE8-404A-9FAF-31BFD297A4D8}.Debug|Any CPU.Build.0 = Debug|Any CPU
		{55561808-7AE8-404A-9FAF-31BFD297A4D8}.Release|Any CPU.ActiveCfg = Release|Any CPU
		{55561808-7AE8-404A-9FAF-31BFD297A4D8}.Release|Any CPU.Build.0 = Release|Any CPU
		{D643A746-3681-4D13-9C11-91FFC12D5AC0}.Debug|Any CPU.ActiveCfg = Debug|Any CPU
		{D643A746-3681-4D13-9C11-91FFC12D5AC0}.Debug|Any CPU.Build.0 = Debug|Any CPU
		{D643A746-3681-4D13-9C11-91FFC12D5AC0}.Release|Any CPU.ActiveCfg = Release|Any CPU
		{D643A746-3681-4D13-9C11-91FFC12D5AC0}.Release|Any CPU.Build.0 = Release|Any CPU
		{F2B19BD9-655C-4946-B07D-E7B7BF450351}.Debug|Any CPU.ActiveCfg = Debug|Any CPU
		{F2B19BD9-655C-4946-B07D-E7B7BF450351}.Debug|Any CPU.Build.0 = Debug|Any CPU
		{F2B19BD9-655C-4946-B07D-E7B7BF450351}.Release|Any CPU.ActiveCfg = Release|Any CPU
		{F2B19BD9-655C-4946-B07D-E7B7BF450351}.Release|Any CPU.Build.0 = Release|Any CPU
		{6D0CC648-2904-4D04-AC5F-3070A5D5B025}.Debug|Any CPU.ActiveCfg = Debug|Any CPU
		{6D0CC648-2904-4D04-AC5F-3070A5D5B025}.Debug|Any CPU.Build.0 = Debug|Any CPU
		{6D0CC648-2904-4D04-AC5F-3070A5D5B025}.Release|Any CPU.ActiveCfg = Release|Any CPU
		{6D0CC648-2904-4D04-AC5F-3070A5D5B025}.Release|Any CPU.Build.0 = Release|Any CPU
		{8BAF69C7-1566-4F40-B9B4-6CC423972DFE}.Debug|Any CPU.ActiveCfg = Debug|Any CPU
		{8BAF69C7-1566-4F40-B9B4-6CC423972DFE}.Debug|Any CPU.Build.0 = Debug|Any CPU
		{8BAF69C7-1566-4F40-B9B4-6CC423972DFE}.Release|Any CPU.ActiveCfg = Release|Any CPU
		{8BAF69C7-1566-4F40-B9B4-6CC423972DFE}.Release|Any CPU.Build.0 = Release|Any CPU
		{EC478921-22E0-4A96-B316-E8A118D3C8F5}.Debug|Any CPU.ActiveCfg = Debug|Any CPU
		{EC478921-22E0-4A96-B316-E8A118D3C8F5}.Debug|Any CPU.Build.0 = Debug|Any CPU
		{EC478921-22E0-4A96-B316-E8A118D3C8F5}.Release|Any CPU.ActiveCfg = Release|Any CPU
		{EC478921-22E0-4A96-B316-E8A118D3C8F5}.Release|Any CPU.Build.0 = Release|Any CPU
		{A5D3CD72-738E-4EFC-8EDF-4788B39E7908}.Debug|Any CPU.ActiveCfg = Debug|Any CPU
		{A5D3CD72-738E-4EFC-8EDF-4788B39E7908}.Debug|Any CPU.Build.0 = Debug|Any CPU
		{A5D3CD72-738E-4EFC-8EDF-4788B39E7908}.Release|Any CPU.ActiveCfg = Release|Any CPU
		{A5D3CD72-738E-4EFC-8EDF-4788B39E7908}.Release|Any CPU.Build.0 = Release|Any CPU
		{8A5A1584-1431-4D5F-B63C-23DCF0417261}.Debug|Any CPU.ActiveCfg = Debug|Any CPU
		{8A5A1584-1431-4D5F-B63C-23DCF0417261}.Debug|Any CPU.Build.0 = Debug|Any CPU
		{8A5A1584-1431-4D5F-B63C-23DCF0417261}.Release|Any CPU.ActiveCfg = Release|Any CPU
		{8A5A1584-1431-4D5F-B63C-23DCF0417261}.Release|Any CPU.Build.0 = Release|Any CPU
		{8907AFB9-B3EB-4365-8F81-AF2062E325CF}.Debug|Any CPU.ActiveCfg = Debug|Any CPU
		{8907AFB9-B3EB-4365-8F81-AF2062E325CF}.Debug|Any CPU.Build.0 = Debug|Any CPU
		{8907AFB9-B3EB-4365-8F81-AF2062E325CF}.Release|Any CPU.ActiveCfg = Release|Any CPU
		{8907AFB9-B3EB-4365-8F81-AF2062E325CF}.Release|Any CPU.Build.0 = Release|Any CPU
		{6A0C4682-C31B-445C-9F4E-DC4C49C48697}.Debug|Any CPU.ActiveCfg = Debug|Any CPU
		{6A0C4682-C31B-445C-9F4E-DC4C49C48697}.Debug|Any CPU.Build.0 = Debug|Any CPU
		{6A0C4682-C31B-445C-9F4E-DC4C49C48697}.Release|Any CPU.ActiveCfg = Release|Any CPU
		{6A0C4682-C31B-445C-9F4E-DC4C49C48697}.Release|Any CPU.Build.0 = Release|Any CPU
		{D139E239-4F1B-4AA0-BFCE-1A85414A7F80}.Debug|Any CPU.ActiveCfg = Debug|Any CPU
		{D139E239-4F1B-4AA0-BFCE-1A85414A7F80}.Debug|Any CPU.Build.0 = Debug|Any CPU
		{D139E239-4F1B-4AA0-BFCE-1A85414A7F80}.Release|Any CPU.ActiveCfg = Release|Any CPU
		{D139E239-4F1B-4AA0-BFCE-1A85414A7F80}.Release|Any CPU.Build.0 = Release|Any CPU
		{98FFF44A-0E6E-49DE-8BC2-D412C73F663E}.Debug|Any CPU.ActiveCfg = Debug|Any CPU
		{98FFF44A-0E6E-49DE-8BC2-D412C73F663E}.Debug|Any CPU.Build.0 = Debug|Any CPU
		{98FFF44A-0E6E-49DE-8BC2-D412C73F663E}.Release|Any CPU.ActiveCfg = Release|Any CPU
		{98FFF44A-0E6E-49DE-8BC2-D412C73F663E}.Release|Any CPU.Build.0 = Release|Any CPU
		{A556361E-3EB4-45CD-A995-AD8970147F6E}.Debug|Any CPU.ActiveCfg = Debug|Any CPU
		{A556361E-3EB4-45CD-A995-AD8970147F6E}.Debug|Any CPU.Build.0 = Debug|Any CPU
		{A556361E-3EB4-45CD-A995-AD8970147F6E}.Release|Any CPU.ActiveCfg = Release|Any CPU
		{A556361E-3EB4-45CD-A995-AD8970147F6E}.Release|Any CPU.Build.0 = Release|Any CPU
		{09F2C5E7-4A4B-45CB-BED7-5590CAAF32FA}.Debug|Any CPU.ActiveCfg = Debug|Any CPU
		{09F2C5E7-4A4B-45CB-BED7-5590CAAF32FA}.Debug|Any CPU.Build.0 = Debug|Any CPU
		{09F2C5E7-4A4B-45CB-BED7-5590CAAF32FA}.Release|Any CPU.ActiveCfg = Release|Any CPU
		{09F2C5E7-4A4B-45CB-BED7-5590CAAF32FA}.Release|Any CPU.Build.0 = Release|Any CPU
		{0E47A56C-2E7A-4ACD-8866-08A015DAAB00}.Debug|Any CPU.ActiveCfg = Debug|Any CPU
		{0E47A56C-2E7A-4ACD-8866-08A015DAAB00}.Debug|Any CPU.Build.0 = Debug|Any CPU
		{0E47A56C-2E7A-4ACD-8866-08A015DAAB00}.Release|Any CPU.ActiveCfg = Release|Any CPU
		{0E47A56C-2E7A-4ACD-8866-08A015DAAB00}.Release|Any CPU.Build.0 = Release|Any CPU
		{50CD8E14-4613-4057-92C7-ABBF96304304}.Debug|Any CPU.ActiveCfg = Debug|Any CPU
		{50CD8E14-4613-4057-92C7-ABBF96304304}.Debug|Any CPU.Build.0 = Debug|Any CPU
		{50CD8E14-4613-4057-92C7-ABBF96304304}.Release|Any CPU.ActiveCfg = Release|Any CPU
		{50CD8E14-4613-4057-92C7-ABBF96304304}.Release|Any CPU.Build.0 = Release|Any CPU
		{68EF3ABE-F95C-4250-9B62-6BC9AA4ED49B}.Debug|Any CPU.ActiveCfg = Debug|Any CPU
		{68EF3ABE-F95C-4250-9B62-6BC9AA4ED49B}.Debug|Any CPU.Build.0 = Debug|Any CPU
		{68EF3ABE-F95C-4250-9B62-6BC9AA4ED49B}.Release|Any CPU.ActiveCfg = Release|Any CPU
		{68EF3ABE-F95C-4250-9B62-6BC9AA4ED49B}.Release|Any CPU.Build.0 = Release|Any CPU
		{47F3ABCA-A22D-4357-AACD-EE9CA74E5164}.Debug|Any CPU.ActiveCfg = Debug|Any CPU
		{47F3ABCA-A22D-4357-AACD-EE9CA74E5164}.Debug|Any CPU.Build.0 = Debug|Any CPU
		{47F3ABCA-A22D-4357-AACD-EE9CA74E5164}.Release|Any CPU.ActiveCfg = Release|Any CPU
		{47F3ABCA-A22D-4357-AACD-EE9CA74E5164}.Release|Any CPU.Build.0 = Release|Any CPU
		{09ABC90C-24F8-456D-B006-E32514F52FDF}.Debug|Any CPU.ActiveCfg = Debug|Any CPU
		{09ABC90C-24F8-456D-B006-E32514F52FDF}.Debug|Any CPU.Build.0 = Debug|Any CPU
		{09ABC90C-24F8-456D-B006-E32514F52FDF}.Release|Any CPU.ActiveCfg = Release|Any CPU
		{09ABC90C-24F8-456D-B006-E32514F52FDF}.Release|Any CPU.Build.0 = Release|Any CPU
		{391D63B2-FF5C-460C-8765-D7F2B74DB185}.Debug|Any CPU.ActiveCfg = Debug|Any CPU
		{391D63B2-FF5C-460C-8765-D7F2B74DB185}.Debug|Any CPU.Build.0 = Debug|Any CPU
		{391D63B2-FF5C-460C-8765-D7F2B74DB185}.Release|Any CPU.ActiveCfg = Release|Any CPU
		{391D63B2-FF5C-460C-8765-D7F2B74DB185}.Release|Any CPU.Build.0 = Release|Any CPU
		{3B14F862-BDAC-4B45-9CD0-AFD7F143B77C}.Debug|Any CPU.ActiveCfg = Debug|Any CPU
		{3B14F862-BDAC-4B45-9CD0-AFD7F143B77C}.Debug|Any CPU.Build.0 = Debug|Any CPU
		{3B14F862-BDAC-4B45-9CD0-AFD7F143B77C}.Release|Any CPU.ActiveCfg = Release|Any CPU
		{3B14F862-BDAC-4B45-9CD0-AFD7F143B77C}.Release|Any CPU.Build.0 = Release|Any CPU
		{A2AAF91D-8E3E-4727-A6EA-235ACE0E2545}.Debug|Any CPU.ActiveCfg = Debug|Any CPU
		{A2AAF91D-8E3E-4727-A6EA-235ACE0E2545}.Debug|Any CPU.Build.0 = Debug|Any CPU
		{A2AAF91D-8E3E-4727-A6EA-235ACE0E2545}.Release|Any CPU.ActiveCfg = Release|Any CPU
		{A2AAF91D-8E3E-4727-A6EA-235ACE0E2545}.Release|Any CPU.Build.0 = Release|Any CPU
		{FC91D95B-0675-4D75-9FE2-A45F962C1D96}.Debug|Any CPU.ActiveCfg = Debug|Any CPU
		{FC91D95B-0675-4D75-9FE2-A45F962C1D96}.Debug|Any CPU.Build.0 = Debug|Any CPU
		{FC91D95B-0675-4D75-9FE2-A45F962C1D96}.Release|Any CPU.ActiveCfg = Release|Any CPU
		{FC91D95B-0675-4D75-9FE2-A45F962C1D96}.Release|Any CPU.Build.0 = Release|Any CPU
		{6B9E0C44-B0B9-4B26-9FE7-1FC5BF8D08F7}.Debug|Any CPU.ActiveCfg = Debug|Any CPU
		{6B9E0C44-B0B9-4B26-9FE7-1FC5BF8D08F7}.Debug|Any CPU.Build.0 = Debug|Any CPU
		{6B9E0C44-B0B9-4B26-9FE7-1FC5BF8D08F7}.Release|Any CPU.ActiveCfg = Release|Any CPU
		{6B9E0C44-B0B9-4B26-9FE7-1FC5BF8D08F7}.Release|Any CPU.Build.0 = Release|Any CPU
	EndGlobalSection
	GlobalSection(SolutionProperties) = preSolution
		HideSolutionNode = FALSE
	EndGlobalSection
	GlobalSection(ExtensibilityGlobals) = postSolution
		SolutionGuid = {47CA374D-535C-49F2-A3ED-787E5F88A7B0}
	EndGlobalSection
EndGlobal
